// !$*UTF8*$!
{
	archiveVersion = 1;
	classes = {
	};
	objectVersion = 46;
	objects = {

/* Begin PBXBuildFile section */
		CAC37CE01BED81DC00189923 /* main.m in Sources */ = {isa = PBXBuildFile; fileRef = CAC37CDF1BED81DC00189923 /* main.m */; };
		CAC37CE31BED81DC00189923 /* AppDelegate.m in Sources */ = {isa = PBXBuildFile; fileRef = CAC37CE21BED81DC00189923 /* AppDelegate.m */; };
		CAC37CE61BED81DC00189923 /* ViewController.m in Sources */ = {isa = PBXBuildFile; fileRef = CAC37CE51BED81DC00189923 /* ViewController.m */; };
		CAC37CE91BED81DC00189923 /* Main.storyboard in Resources */ = {isa = PBXBuildFile; fileRef = CAC37CE71BED81DC00189923 /* Main.storyboard */; };
		CAC37CEB1BED81DC00189923 /* Assets.xcassets in Resources */ = {isa = PBXBuildFile; fileRef = CAC37CEA1BED81DC00189923 /* Assets.xcassets */; };
		CAC37CEE1BED81DC00189923 /* LaunchScreen.storyboard in Resources */ = {isa = PBXBuildFile; fileRef = CAC37CEC1BED81DC00189923 /* LaunchScreen.storyboard */; };
/* End PBXBuildFile section */

/* Begin PBXFileReference section */
		CAC37CDB1BED81DC00189923 /* Maximal.app */ = {isa = PBXFileReference; explicitFileType = wrapper.application; includeInIndex = 0; path = Maximal.app; sourceTree = BUILT_PRODUCTS_DIR; };
		CAC37CDF1BED81DC00189923 /* main.m */ = {isa = PBXFileReference; lastKnownFileType = sourcecode.c.objc; path = main.m; sourceTree = "<group>"; };
		CAC37CE11BED81DC00189923 /* AppDelegate.h */ = {isa = PBXFileReference; lastKnownFileType = sourcecode.c.h; path = AppDelegate.h; sourceTree = "<group>"; };
		CAC37CE21BED81DC00189923 /* AppDelegate.m */ = {isa = PBXFileReference; lastKnownFileType = sourcecode.c.objc; path = AppDelegate.m; sourceTree = "<group>"; };
		CAC37CE41BED81DC00189923 /* ViewController.h */ = {isa = PBXFileReference; lastKnownFileType = sourcecode.c.h; path = ViewController.h; sourceTree = "<group>"; };
		CAC37CE51BED81DC00189923 /* ViewController.m */ = {isa = PBXFileReference; lastKnownFileType = sourcecode.c.objc; path = ViewController.m; sourceTree = "<group>"; };
		CAC37CE81BED81DC00189923 /* Base */ = {isa = PBXFileReference; lastKnownFileType = file.storyboard; name = Base; path = Base.lproj/Main.storyboard; sourceTree = "<group>"; };
		CAC37CEA1BED81DC00189923 /* Assets.xcassets */ = {isa = PBXFileReference; lastKnownFileType = folder.assetcatalog; path = Assets.xcassets; sourceTree = "<group>"; };
		CAC37CED1BED81DC00189923 /* Base */ = {isa = PBXFileReference; lastKnownFileType = file.storyboard; name = Base; path = Base.lproj/LaunchScreen.storyboard; sourceTree = "<group>"; };
		CAC37CEF1BED81DC00189923 /* Info.plist */ = {isa = PBXFileReference; lastKnownFileType = text.plist.xml; path = Info.plist; sourceTree = "<group>"; };
/* End PBXFileReference section */

/* Begin PBXFrameworksBuildPhase section */
		CAC37CD81BED81DC00189923 /* Frameworks */ = {
			isa = PBXFrameworksBuildPhase;
			buildActionMask = 2147483647;
			files = (
			);
			runOnlyForDeploymentPostprocessing = 0;
		};
/* End PBXFrameworksBuildPhase section */

/* Begin PBXGroup section */
		CAC37CD21BED81DC00189923 = {
			isa = PBXGroup;
			children = (
				CAC37CDD1BED81DC00189923 /* Maximal */,
				CAC37CDC1BED81DC00189923 /* Products */,
			);
			sourceTree = "<group>";
		};
		CAC37CDC1BED81DC00189923 /* Products */ = {
			isa = PBXGroup;
			children = (
				CAC37CDB1BED81DC00189923 /* Maximal.app */,
			);
			name = Products;
			sourceTree = "<group>";
		};
		CAC37CDD1BED81DC00189923 /* Maximal */ = {
			isa = PBXGroup;
			children = (
				CAC37CE11BED81DC00189923 /* AppDelegate.h */,
				CAC37CE21BED81DC00189923 /* AppDelegate.m */,
				CAC37CE41BED81DC00189923 /* ViewController.h */,
				CAC37CE51BED81DC00189923 /* ViewController.m */,
				CAC37CE71BED81DC00189923 /* Main.storyboard */,
				CAC37CEA1BED81DC00189923 /* Assets.xcassets */,
				CAC37CEC1BED81DC00189923 /* LaunchScreen.storyboard */,
				CAC37CEF1BED81DC00189923 /* Info.plist */,
				CAC37CDE1BED81DC00189923 /* Supporting Files */,
			);
			path = Maximal;
			sourceTree = "<group>";
		};
		CAC37CDE1BED81DC00189923 /* Supporting Files */ = {
			isa = PBXGroup;
			children = (
				CAC37CDF1BED81DC00189923 /* main.m */,
			);
			name = "Supporting Files";
			sourceTree = "<group>";
		};
/* End PBXGroup section */

/* Begin PBXNativeTarget section */
		CAC37CDA1BED81DC00189923 /* Maximal */ = {
			isa = PBXNativeTarget;
			buildConfigurationList = CAC37CF21BED81DC00189923 /* Build configuration list for PBXNativeTarget "Maximal" */;
			buildPhases = (
				CAC37CD71BED81DC00189923 /* Sources */,
				CAC37CD81BED81DC00189923 /* Frameworks */,
				CAC37CD91BED81DC00189923 /* Resources */,
			);
			buildRules = (
			);
			dependencies = (
			);
			name = Maximal;
			productName = Maximal;
			productReference = CAC37CDB1BED81DC00189923 /* Maximal.app */;
			productType = "com.apple.product-type.application";
		};
/* End PBXNativeTarget section */

/* Begin PBXProject section */
		CAC37CD31BED81DC00189923 /* Project object */ = {
			isa = PBXProject;
			attributes = {
				LastUpgradeCheck = 0710;
				ORGANIZATIONNAME = "李宏远";
				TargetAttributes = {
					CAC37CDA1BED81DC00189923 = {
						CreatedOnToolsVersion = 7.1;
					};
				};
			};
			buildConfigurationList = CAC37CD61BED81DC00189923 /* Build configuration list for PBXProject "Maximal" */;
			compatibilityVersion = "Xcode 3.2";
			developmentRegion = English;
			hasScannedForEncodings = 0;
			knownRegions = (
				en,
				Base,
			);
			mainGroup = CAC37CD21BED81DC00189923;
			productRefGroup = CAC37CDC1BED81DC00189923 /* Products */;
			projectDirPath = "";
			projectRoot = "";
			targets = (
				CAC37CDA1BED81DC00189923 /* Maximal */,
			);
		};
/* End PBXProject section */

/* Begin PBXResourcesBuildPhase section */
		CAC37CD91BED81DC00189923 /* Resources */ = {
			isa = PBXResourcesBuildPhase;
			buildActionMask = 2147483647;
			files = (
				CAC37CEE1BED81DC00189923 /* LaunchScreen.storyboard in Resources */,
				CAC37CEB1BED81DC00189923 /* Assets.xcassets in Resources */,
				CAC37CE91BED81DC00189923 /* Main.storyboard in Resources */,
			);
			runOnlyForDeploymentPostprocessing = 0;
		};
/* End PBXResourcesBuildPhase section */

/* Begin PBXSourcesBuildPhase section */
		CAC37CD71BED81DC00189923 /* Sources */ = {
			isa = PBXSourcesBuildPhase;
			buildActionMask = 2147483647;
			files = (
				CAC37CE61BED81DC00189923 /* ViewController.m in Sources */,
				CAC37CE31BED81DC00189923 /* AppDelegate.m in Sources */,
				CAC37CE01BED81DC00189923 /* main.m in Sources */,
			);
			runOnlyForDeploymentPostprocessing = 0;
		};
/* End PBXSourcesBuildPhase section */

/* Begin PBXVariantGroup section */
		CAC37CE71BED81DC00189923 /* Main.storyboard */ = {
			isa = PBXVariantGroup;
			children = (
				CAC37CE81BED81DC00189923 /* Base */,
			);
			name = Main.storyboard;
			sourceTree = "<group>";
		};
		CAC37CEC1BED81DC00189923 /* LaunchScreen.storyboard */ = {
			isa = PBXVariantGroup;
			children = (
				CAC37CED1BED81DC00189923 /* Base */,
			);
			name = LaunchScreen.storyboard;
			sourceTree = "<group>";
		};
/* End PBXVariantGroup section */

/* Begin XCBuildConfiguration section */
		CAC37CF01BED81DC00189923 /* Debug */ = {
			isa = XCBuildConfiguration;
			buildSettings = {
				ALWAYS_SEARCH_USER_PATHS = NO;
				CLANG_CXX_LANGUAGE_STANDARD = "gnu++0x";
				CLANG_CXX_LIBRARY = "libc++";
				CLANG_ENABLE_MODULES = YES;
				CLANG_ENABLE_OBJC_ARC = YES;
				CLANG_WARN_BOOL_CONVERSION = YES;
				CLANG_WARN_CONSTANT_CONVERSION = YES;
				CLANG_WARN_DIRECT_OBJC_ISA_USAGE = YES_ERROR;
				CLANG_WARN_EMPTY_BODY = YES;
				CLANG_WARN_ENUM_CONVERSION = YES;
				CLANG_WARN_INT_CONVERSION = YES;
				CLANG_WARN_OBJC_ROOT_CLASS = YES_ERROR;
				CLANG_WARN_UNREACHABLE_CODE = YES;
				CLANG_WARN__DUPLICATE_METHOD_MATCH = YES;
				"CODE_SIGN_IDENTITY[sdk=iphoneos*]" = "iPhone Developer";
				COPY_PHASE_STRIP = NO;
				DEBUG_INFORMATION_FORMAT = dwarf;
				ENABLE_STRICT_OBJC_MSGSEND = YES;
				ENABLE_TESTABILITY = YES;
				GCC_C_LANGUAGE_STANDARD = gnu99;
				GCC_DYNAMIC_NO_PIC = NO;
				GCC_NO_COMMON_BLOCKS = YES;
				GCC_OPTIMIZATION_LEVEL = 0;
				GCC_PREPROCESSOR_DEFINITIONS = (
					"DEBUG=1",
					"$(inherited)",
				);
				GCC_WARN_64_TO_32_BIT_CONVERSION = YES;
				GCC_WARN_ABOUT_RETURN_TYPE = YES_ERROR;
				GCC_WARN_UNDECLARED_SELECTOR = YES;
				GCC_WARN_UNINITIALIZED_AUTOS = YES_AGGRESSIVE;
				GCC_WARN_UNUSED_FUNCTION = YES;
				GCC_WARN_UNUSED_VARIABLE = YES;
				IPHONEOS_DEPLOYMENT_TARGET = 9.1;
				MTL_ENABLE_DEBUG_INFO = YES;
				ONLY_ACTIVE_ARCH = YES;
				SDKROOT = iphoneos;
			};
			name = Debug;
		};
		CAC37CF11BED81DC00189923 /* Release */ = {
			isa = XCBuildConfiguration;
			buildSettings = {
				ALWAYS_SEARCH_USER_PATHS = NO;
				CLANG_CXX_LANGUAGE_STANDARD = "gnu++0x";
				CLANG_CXX_LIBRARY = "libc++";
				CLANG_ENABLE_MODULES = YES;
				CLANG_ENABLE_OBJC_ARC = YES;
				CLANG_WARN_BOOL_CONVERSION = YES;
				CLANG_WARN_CONSTANT_CONVERSION = YES;
				CLANG_WARN_DIRECT_OBJC_ISA_USAGE = YES_ERROR;
				CLANG_WARN_EMPTY_BODY = YES;
				CLANG_WARN_ENUM_CONVERSION = YES;
				CLANG_WARN_INT_CONVERSION = YES;
				CLANG_WARN_OBJC_ROOT_CLASS = YES_ERROR;
				CLANG_WARN_UNREACHABLE_CODE = YES;
				CLANG_WARN__DUPLICATE_METHOD_MATCH = YES;
				"CODE_SIGN_IDENTITY[sdk=iphoneos*]" = "iPhone Developer";
				COPY_PHASE_STRIP = NO;
				DEBUG_INFORMATION_FORMAT = "dwarf-with-dsym";
				ENABLE_NS_ASSERTIONS = NO;
				ENABLE_STRICT_OBJC_MSGSEND = YES;
				GCC_C_LANGUAGE_STANDARD = gnu99;
				GCC_NO_COMMON_BLOCKS = YES;
				GCC_WARN_64_TO_32_BIT_CONVERSION = YES;
				GCC_WARN_ABOUT_RETURN_TYPE = YES_ERROR;
				GCC_WARN_UNDECLARED_SELECTOR = YES;
				GCC_WARN_UNINITIALIZED_AUTOS = YES_AGGRESSIVE;
				GCC_WARN_UNUSED_FUNCTION = YES;
				GCC_WARN_UNUSED_VARIABLE = YES;
				IPHONEOS_DEPLOYMENT_TARGET = 9.1;
				MTL_ENABLE_DEBUG_INFO = NO;
				SDKROOT = iphoneos;
				VALIDATE_PRODUCT = YES;
			};
			name = Release;
		};
		CAC37CF31BED81DC00189923 /* Debug */ = {
			isa = XCBuildConfiguration;
			buildSettings = {
				ASSETCATALOG_COMPILER_APPICON_NAME = AppIcon;
				INFOPLIST_FILE = Maximal/Info.plist;
				LD_RUNPATH_SEARCH_PATHS = "$(inherited) @executable_path/Frameworks";
				PRODUCT_BUNDLE_IDENTIFIER = "------.Maximal";
				PRODUCT_NAME = "$(TARGET_NAME)";
			};
			name = Debug;
		};
		CAC37CF41BED81DC00189923 /* Release */ = {
			isa = XCBuildConfiguration;
			buildSettings = {
				ASSETCATALOG_COMPILER_APPICON_NAME = AppIcon;
				INFOPLIST_FILE = Maximal/Info.plist;
				LD_RUNPATH_SEARCH_PATHS = "$(inherited) @executable_path/Frameworks";
				PRODUCT_BUNDLE_IDENTIFIER = "------.Maximal";
				PRODUCT_NAME = "$(TARGET_NAME)";
			};
			name = Release;
		};
/* End XCBuildConfiguration section */

/* Begin XCConfigurationList section */
		CAC37CD61BED81DC00189923 /* Build configuration list for PBXProject "Maximal" */ = {
			isa = XCConfigurationList;
			buildConfigurations = (
				CAC37CF01BED81DC00189923 /* Debug */,
				CAC37CF11BED81DC00189923 /* Release */,
			);
			defaultConfigurationIsVisible = 0;
			defaultConfigurationName = Release;
		};
		CAC37CF21BED81DC00189923 /* Build configuration list for PBXNativeTarget "Maximal" */ = {
			isa = XCConfigurationList;
			buildConfigurations = (
				CAC37CF31BED81DC00189923 /* Debug */,
				CAC37CF41BED81DC00189923 /* Release */,
			);
			defaultConfigurationIsVisible = 0;
		};
/* End XCConfigurationList section */
	};
	rootObject = CAC37CD31BED81DC00189923 /* Project object */;
}
